
Microsoft Visual Studio Solution File, Format Version 12.00
# Visual Studio Version 17
VisualStudioVersion = 17.2.32526.322
MinimumVisualStudioVersion = 10.0.40219.1
Project("{13B669BE-BB05-4DDF-9536-439F39A36129}") = "YWB.ElementsABTesting", "YWB.ElementsABTesting.phpproj", "{761F811F-AED0-4A91-9202-239C927EE492}"
EndProject
Global
	GlobalSection(SolutionConfigurationPlatforms) = preSolution
		Debug|Any CPU = Debug|Any CPU
		Release|Any CPU = Release|Any CPU
	EndGlobalSection
	GlobalSection(ProjectConfigurationPlatforms) = postSolution
		{761F811F-AED0-4A91-9202-239C927EE492}.Debug|Any CPU.ActiveCfg = Debug|Any CPU
		{761F811F-AED0-4A91-9202-239C927EE492}.Debug|Any CPU.Build.0 = Debug|Any CPU
		{761F811F-AED0-4A91-9202-239C927EE492}.Release|Any CPU.ActiveCfg = Release|Any CPU
		{761F811F-AED0-4A91-9202-239C927EE492}.Release|Any CPU.Build.0 = Release|Any CPU
	EndGlobalSection
	GlobalSection(SolutionProperties) = preSolution
		HideSolutionNode = FALSE
	EndGlobalSection
	GlobalSection(ExtensibilityGlobals) = postSolution
		SolutionGuid = {1A6CD665-D30F-4A2B-B1D4-BF5D82B62248}
	EndGlobalSection
EndGlobal
